lockfileVersion: 5.4

specifiers:
  prettier: ^2.8.5

devDependencies:
  prettier: 2.8.5

packages:

  /prettier/2.8.5:
    resolution: {integrity: sha512-3gzuxrHbKUePRBB4ZeU08VNkUcqEHaUaouNt0m7LGP4Hti/NuB07C7PPTM/LkWqXoJYJn2McEo5+kxPNrtQkLQ==}
    engines: {node: '>=10.13.0'}
    hasBin: true
    dev: true
